
Microsoft Visual Studio Solution File, Format Version 12.00
# Visual Studio Version 17
VisualStudioVersion = 17.3.32825.248
MinimumVisualStudioVersion = 10.0.40219.1
Project("{FAE04EC0-301F-11D3-BF4B-00C04F79EFBC}") = "Exercise_1-4_Lexicon", "Exercise_1-4_Lexicon.csproj", "{AD2FF55F-2E37-4921-84B5-2029FEE3528C}"
EndProject
Global
	GlobalSection(SolutionConfigurationPlatforms) = preSolution
		Debug|Any CPU = Debug|Any CPU
		Release|Any CPU = Release|Any CPU
	EndGlobalSection
	GlobalSection(ProjectConfigurationPlatforms) = postSolution
		{AD2FF55F-2E37-4921-84B5-2029FEE3528C}.Debug|Any CPU.ActiveCfg = Debug|Any CPU
		{AD2FF55F-2E37-4921-84B5-2029FEE3528C}.Debug|Any CPU.Build.0 = Debug|Any CPU
		{AD2FF55F-2E37-4921-84B5-2029FEE3528C}.Release|Any CPU.ActiveCfg = Release|Any CPU
		{AD2FF55F-2E37-4921-84B5-2029FEE3528C}.Release|Any CPU.Build.0 = Release|Any CPU
	EndGlobalSection
	GlobalSection(SolutionProperties) = preSolution
		HideSolutionNode = FALSE
	EndGlobalSection
	GlobalSection(ExtensibilityGlobals) = postSolution
		SolutionGuid = {DF59998C-A3DE-460C-99D5-795CC25061BD}
	EndGlobalSection
EndGlobal
